<?xml version="1.0" encoding="utf-8"?>
<Project ToolsVersion="4.0" xmlns="http://schemas.microsoft.com/developer/msbuild/2003">
  <ItemGroup>
    <Filter Include="Quelldateien">
      <UniqueIdentifier>{4FC737F1-C7A5-4376-A066-2A32D752A2FF}</UniqueIdentifier>
      <Extensions>cpp;c;cc;cxx;def;odl;idl;hpj;bat;asm;asmx</Extensions>
    </Filter>
    <Filter Include="Headerdateien">
      <UniqueIdentifier>{93995380-89BD-4b04-88EB-625FBE52EBFB}</UniqueIdentifier>
      <Extensions>h;hh;hpp;hxx;hm;inl;inc;ipp;xsd</Extensions>
    </Filter>
    <Filter Include="Ressourcendateien">
      <UniqueIdentifier>{67DA6AB6-F800-4c08-8B7A-83BB121AAD01}</UniqueIdentifier>
      <Extensions>rc;ico;cur;bmp;dlg;rc2;rct;bin;rgs;gif;jpg;jpeg;jpe;resx;tiff;tif;png;wav;mfcribbon-ms</Extensions>
    </Filter>
    <Filter Include="Headerdateien\Core">
      <UniqueIdentifier>{6b80c096-3c68-4d1f-8332-758745f545a9}</UniqueIdentifier>
    </Filter>
    <Filter Include="Quelldateien\Core">
      <UniqueIdentifier>{dc2e9ae8-598e-4a8d-b6c7-ba841ef632bb}</UniqueIdentifier>
    </Filter>
    <Filter Include="Headerdateien\Core\World">
      <UniqueIdentifier>{e425406a-a15f-43f5-9c45-6aae60f718c8}</UniqueIdentifier>
    </Filter>
    <Filter Include="Quelldateien\Core\World">
      <UniqueIdentifier>{8ece86ca-a1f6-4fa2-9997-1f4fcbf3ef1a}</UniqueIdentifier>
    </Filter>
  </ItemGroup>
  <ItemGroup>
    <ClCompile Include="code\main.cpp">
      <Filter>Quelldateien</Filter>
    </ClCompile>
    <ClCompile Include="code\Core\Core.cpp">
      <Filter>Quelldateien\Core</Filter>
    </ClCompile>
    <ClCompile Include="code\Core\World\World.cpp">
      <Filter>Quelldateien\Core\World</Filter>
    </ClCompile>
  </ItemGroup>
  <ItemGroup>
    <ClInclude Include="code\Core\Core.h">
      <Filter>Headerdateien\Core</Filter>
    </ClInclude>
    <ClInclude Include="code\Core\World\World.h">
      <Filter>Headerdateien\Core\World</Filter>
    </ClInclude>
  </ItemGroup>
</Project>